
Microsoft Visual Studio Solution File, Format Version 12.00
# Visual Studio Version 16
VisualStudioVersion = 16.0.29102.190
MinimumVisualStudioVersion = 10.0.40219.1
Project("{8BC9CEB8-8B4A-11D0-8D11-00A0C91BC942}") = "lab4", "lab4.vcxproj", "{A4516D76-91D3-4D94-9A03-3E9D8055FB40}"
EndProject
Global
	GlobalSection(SolutionConfigurationPlatforms) = preSolution
		Debug|x64 = Debug|x64
		Debug|x86 = Debug|x86
		Release|x64 = Release|x64
		Release|x86 = Release|x86
	EndGlobalSection
	GlobalSection(ProjectConfigurationPlatforms) = postSolution
		{A4516D76-91D3-4D94-9A03-3E9D8055FB40}.Debug|x64.ActiveCfg = Debug|x64
		{A4516D76-91D3-4D94-9A03-3E9D8055FB40}.Debug|x64.Build.0 = Debug|x64
		{A4516D76-91D3-4D94-9A03-3E9D8055FB40}.Debug|x86.ActiveCfg = Debug|Win32
		{A4516D76-91D3-4D94-9A03-3E9D8055FB40}.Debug|x86.Build.0 = Debug|Win32
		{A4516D76-91D3-4D94-9A03-3E9D8055FB40}.Release|x64.ActiveCfg = Release|x64
		{A4516D76-91D3-4D94-9A03-3E9D8055FB40}.Release|x64.Build.0 = Release|x64
		{A4516D76-91D3-4D94-9A03-3E9D8055FB40}.Release|x86.ActiveCfg = Release|Win32
		{A4516D76-91D3-4D94-9A03-3E9D8055FB40}.Release|x86.Build.0 = Release|Win32
	EndGlobalSection
	GlobalSection(SolutionProperties) = preSolution
		HideSolutionNode = FALSE
	EndGlobalSection
	GlobalSection(ExtensibilityGlobals) = postSolution
		SolutionGuid = {88D21F2A-B300-4A7F-BFBF-0DF4CED178BD}
	EndGlobalSection
EndGlobal
